// !$*UTF8*$!
{
	archiveVersion = 1;
	classes = {
	};
	objectVersion = 50;
	objects = {

/* Begin PBXBuildFile section */
		38EBD002211267320003F56F /* AppDelegate.swift in Sources */ = {isa = PBXBuildFile; fileRef = 38EBD001211267320003F56F /* AppDelegate.swift */; };
		38EBD004211267320003F56F /* ViewController.swift in Sources */ = {isa = PBXBuildFile; fileRef = 38EBD003211267320003F56F /* ViewController.swift */; };
		38EBD007211267320003F56F /* Main.storyboard in Resources */ = {isa = PBXBuildFile; fileRef = 38EBD005211267320003F56F /* Main.storyboard */; };
		38EBD009211267320003F56F /* Assets.xcassets in Resources */ = {isa = PBXBuildFile; fileRef = 38EBD008211267320003F56F /* Assets.xcassets */; };
		38EBD00C211267320003F56F /* LaunchScreen.storyboard in Resources */ = {isa = PBXBuildFile; fileRef = 38EBD00A211267320003F56F /* LaunchScreen.storyboard */; };
		38EBD017211267320003F56F /* AutoLayoutGuideExample7Tests.swift in Sources */ = {isa = PBXBuildFile; fileRef = 38EBD016211267320003F56F /* AutoLayoutGuideExample7Tests.swift */; };
/* End PBXBuildFile section */

/* Begin PBXContainerItemProxy section */
		38EBD013211267320003F56F /* PBXContainerItemProxy */ = {
			isa = PBXContainerItemProxy;
			containerPortal = 38EBCFF6211267320003F56F /* Project object */;
			proxyType = 1;
			remoteGlobalIDString = 38EBCFFD211267320003F56F;
			remoteInfo = AutoLayoutGuideExample7;
		};
/* End PBXContainerItemProxy section */

/* Begin PBXFileReference section */
		38EBCFFE211267320003F56F /* AutoLayoutGuideExample7.app */ = {isa = PBXFileReference; explicitFileType = wrapper.application; includeInIndex = 0; path = AutoLayoutGuideExample7.app; sourceTree = BUILT_PRODUCTS_DIR; };
		38EBD001211267320003F56F /* AppDelegate.swift */ = {isa = PBXFileReference; lastKnownFileType = sourcecode.swift; path = AppDelegate.swift; sourceTree = "<group>"; };
		38EBD003211267320003F56F /* ViewController.swift */ = {isa = PBXFileReference; lastKnownFileType = sourcecode.swift; path = ViewController.swift; sourceTree = "<group>"; };
		38EBD006211267320003F56F /* Base */ = {isa = PBXFileReference; lastKnownFileType = file.storyboard; name = Base; path = Base.lproj/Main.storyboard; sourceTree = "<group>"; };
		38EBD008211267320003F56F /* Assets.xcassets */ = {isa = PBXFileReference; lastKnownFileType = folder.assetcatalog; path = Assets.xcassets; sourceTree = "<group>"; };
		38EBD00B211267320003F56F /* Base */ = {isa = PBXFileReference; lastKnownFileType = file.storyboard; name = Base; path = Base.lproj/LaunchScreen.storyboard; sourceTree = "<group>"; };
		38EBD00D211267320003F56F /* Info.plist */ = {isa = PBXFileReference; lastKnownFileType = text.plist.xml; path = Info.plist; sourceTree = "<group>"; };
		38EBD012211267320003F56F /* AutoLayoutGuideExample7Tests.xctest */ = {isa = PBXFileReference; explicitFileType = wrapper.cfbundle; includeInIndex = 0; path = AutoLayoutGuideExample7Tests.xctest; sourceTree = BUILT_PRODUCTS_DIR; };
		38EBD016211267320003F56F /* AutoLayoutGuideExample7Tests.swift */ = {isa = PBXFileReference; lastKnownFileType = sourcecode.swift; path = AutoLayoutGuideExample7Tests.swift; sourceTree = "<group>"; };
		38EBD018211267330003F56F /* Info.plist */ = {isa = PBXFileReference; lastKnownFileType = text.plist.xml; path = Info.plist; sourceTree = "<group>"; };
/* End PBXFileReference section */

/* Begin PBXFrameworksBuildPhase section */
		38EBCFFB211267320003F56F /* Frameworks */ = {
			isa = PBXFrameworksBuildPhase;
			buildActionMask = 2147483647;
			files = (
			);
			runOnlyForDeploymentPostprocessing = 0;
		};
		38EBD00F211267320003F56F /* Frameworks */ = {
			isa = PBXFrameworksBuildPhase;
			buildActionMask = 2147483647;
			files = (
			);
			runOnlyForDeploymentPostprocessing = 0;
		};
/* End PBXFrameworksBuildPhase section */

/* Begin PBXGroup section */
		38EBCFF5211267320003F56F = {
			isa = PBXGroup;
			children = (
				38EBD000211267320003F56F /* AutoLayoutGuideExample7 */,
				38EBD015211267320003F56F /* AutoLayoutGuideExample7Tests */,
				38EBCFFF211267320003F56F /* Products */,
			);
			sourceTree = "<group>";
		};
		38EBCFFF211267320003F56F /* Products */ = {
			isa = PBXGroup;
			children = (
				38EBCFFE211267320003F56F /* AutoLayoutGuideExample7.app */,
				38EBD012211267320003F56F /* AutoLayoutGuideExample7Tests.xctest */,
			);
			name = Products;
			sourceTree = "<group>";
		};
		38EBD000211267320003F56F /* AutoLayoutGuideExample7 */ = {
			isa = PBXGroup;
			children = (
				38EBD001211267320003F56F /* AppDelegate.swift */,
				38EBD003211267320003F56F /* ViewController.swift */,
				38EBD005211267320003F56F /* Main.storyboard */,
				38EBD008211267320003F56F /* Assets.xcassets */,
				38EBD00A211267320003F56F /* LaunchScreen.storyboard */,
				38EBD00D211267320003F56F /* Info.plist */,
			);
			path = AutoLayoutGuideExample7;
			sourceTree = "<group>";
		};
		38EBD015211267320003F56F /* AutoLayoutGuideExample7Tests */ = {
			isa = PBXGroup;
			children = (
				38EBD016211267320003F56F /* AutoLayoutGuideExample7Tests.swift */,
				38EBD018211267330003F56F /* Info.plist */,
			);
			path = AutoLayoutGuideExample7Tests;
			sourceTree = "<group>";
		};
/* End PBXGroup section */

/* Begin PBXNativeTarget section */
		38EBCFFD211267320003F56F /* AutoLayoutGuideExample7 */ = {
			isa = PBXNativeTarget;
			buildConfigurationList = 38EBD01B211267330003F56F /* Build configuration list for PBXNativeTarget "AutoLayoutGuideExample7" */;
			buildPhases = (
				38EBCFFA211267320003F56F /* Sources */,
				38EBCFFB211267320003F56F /* Frameworks */,
				38EBCFFC211267320003F56F /* Resources */,
			);
			buildRules = (
			);
			dependencies = (
			);
			name = AutoLayoutGuideExample7;
			productName = AutoLayoutGuideExample7;
			productReference = 38EBCFFE211267320003F56F /* AutoLayoutGuideExample7.app */;
			productType = "com.apple.product-type.application";
		};
		38EBD011211267320003F56F /* AutoLayoutGuideExample7Tests */ = {
			isa = PBXNativeTarget;
			buildConfigurationList = 38EBD01E211267330003F56F /* Build configuration list for PBXNativeTarget "AutoLayoutGuideExample7Tests" */;
			buildPhases = (
				38EBD00E211267320003F56F /* Sources */,
				38EBD00F211267320003F56F /* Frameworks */,
				38EBD010211267320003F56F /* Resources */,
			);
			buildRules = (
			);
			dependencies = (
				38EBD014211267320003F56F /* PBXTargetDependency */,
			);
			name = AutoLayoutGuideExample7Tests;
			productName = AutoLayoutGuideExample7Tests;
			productReference = 38EBD012211267320003F56F /* AutoLayoutGuideExample7Tests.xctest */;
			productType = "com.apple.product-type.bundle.unit-test";
		};
/* End PBXNativeTarget section */

/* Begin PBXProject section */
		38EBCFF6211267320003F56F /* Project object */ = {
			isa = PBXProject;
			attributes = {
				LastSwiftUpdateCheck = 0940;
				LastUpgradeCheck = 0940;
				ORGANIZATIONNAME = Treehouse;
				TargetAttributes = {
					38EBCFFD211267320003F56F = {
						CreatedOnToolsVersion = 9.4.1;
					};
					38EBD011211267320003F56F = {
						CreatedOnToolsVersion = 9.4.1;
						TestTargetID = 38EBCFFD211267320003F56F;
					};
				};
			};
			buildConfigurationList = 38EBCFF9211267320003F56F /* Build configuration list for PBXProject "AutoLayoutGuideExample7" */;
			compatibilityVersion = "Xcode 9.3";
			developmentRegion = en;
			hasScannedForEncodings = 0;
			knownRegions = (
				en,
				Base,
			);
			mainGroup = 38EBCFF5211267320003F56F;
			productRefGroup = 38EBCFFF211267320003F56F /* Products */;
			projectDirPath = "";
			projectRoot = "";
			targets = (
				38EBCFFD211267320003F56F /* AutoLayoutGuideExample7 */,
				38EBD011211267320003F56F /* AutoLayoutGuideExample7Tests */,
			);
		};
/* End PBXProject section */

/* Begin PBXResourcesBuildPhase section */
		38EBCFFC211267320003F56F /* Resources */ = {
			isa = PBXResourcesBuildPhase;
			buildActionMask = 2147483647;
			files = (
				38EBD00C211267320003F56F /* LaunchScreen.storyboard in Resources */,
				38EBD009211267320003F56F /* Assets.xcassets in Resources */,
				38EBD007211267320003F56F /* Main.storyboard in Resources */,
			);
			runOnlyForDeploymentPostprocessing = 0;
		};
		38EBD010211267320003F56F /* Resources */ = {
			isa = PBXResourcesBuildPhase;
			buildActionMask = 2147483647;
			files = (
			);
			runOnlyForDeploymentPostprocessing = 0;
		};
/* End PBXResourcesBuildPhase section */

/* Begin PBXSourcesBuildPhase section */
		38EBCFFA211267320003F56F /* Sources */ = {
			isa = PBXSourcesBuildPhase;
			buildActionMask = 2147483647;
			files = (
				38EBD004211267320003F56F /* ViewController.swift in Sources */,
				38EBD002211267320003F56F /* AppDelegate.swift in Sources */,
			);
			runOnlyForDeploymentPostprocessing = 0;
		};
		38EBD00E211267320003F56F /* Sources */ = {
			isa = PBXSourcesBuildPhase;
			buildActionMask = 2147483647;
			files = (
				38EBD017211267320003F56F /* AutoLayoutGuideExample7Tests.swift in Sources */,
			);
			runOnlyForDeploymentPostprocessing = 0;
		};
/* End PBXSourcesBuildPhase section */

/* Begin PBXTargetDependency section */
		38EBD014211267320003F56F /* PBXTargetDependency */ = {
			isa = PBXTargetDependency;
			target = 38EBCFFD211267320003F56F /* AutoLayoutGuideExample7 */;
			targetProxy = 38EBD013211267320003F56F /* PBXContainerItemProxy */;
		};
/* End PBXTargetDependency section */

/* Begin PBXVariantGroup section */
		38EBD005211267320003F56F /* Main.storyboard */ = {
			isa = PBXVariantGroup;
			children = (
				38EBD006211267320003F56F /* Base */,
			);
			name = Main.storyboard;
			sourceTree = "<group>";
		};
		38EBD00A211267320003F56F /* LaunchScreen.storyboard */ = {
			isa = PBXVariantGroup;
			children = (
				38EBD00B211267320003F56F /* Base */,
			);
			name = LaunchScreen.storyboard;
			sourceTree = "<group>";
		};
/* End PBXVariantGroup section */

/* Begin XCBuildConfiguration section */
		38EBD019211267330003F56F /* Debug */ = {
			isa = XCBuildConfiguration;
			buildSettings = {
				ALWAYS_SEARCH_USER_PATHS = NO;
				CLANG_ANALYZER_NONNULL = YES;
				CLANG_ANALYZER_NUMBER_OBJECT_CONVERSION = YES_AGGRESSIVE;
				CLANG_CXX_LANGUAGE_STANDARD = "gnu++14";
				CLANG_CXX_LIBRARY = "libc++";
				CLANG_ENABLE_MODULES = YES;
				CLANG_ENABLE_OBJC_ARC = YES;
				CLANG_ENABLE_OBJC_WEAK = YES;
				CLANG_WARN_BLOCK_CAPTURE_AUTORELEASING = YES;
				CLANG_WARN_BOOL_CONVERSION = YES;
				CLANG_WARN_COMMA = YES;
				CLANG_WARN_CONSTANT_CONVERSION = YES;
				CLANG_WARN_DEPRECATED_OBJC_IMPLEMENTATIONS = YES;
				CLANG_WARN_DIRECT_OBJC_ISA_USAGE = YES_ERROR;
				CLANG_WARN_DOCUMENTATION_COMMENTS = YES;
				CLANG_WARN_EMPTY_BODY = YES;
				CLANG_WARN_ENUM_CONVERSION = YES;
				CLANG_WARN_INFINITE_RECURSION = YES;
				CLANG_WARN_INT_CONVERSION = YES;
				CLANG_WARN_NON_LITERAL_NULL_CONVERSION = YES;
				CLANG_WARN_OBJC_IMPLICIT_RETAIN_SELF = YES;
				CLANG_WARN_OBJC_LITERAL_CONVERSION = YES;
				CLANG_WARN_OBJC_ROOT_CLASS = YES_ERROR;
				CLANG_WARN_RANGE_LOOP_ANALYSIS = YES;
				CLANG_WARN_STRICT_PROTOTYPES = YES;
				CLANG_WARN_SUSPICIOUS_MOVE = YES;
				CLANG_WARN_UNGUARDED_AVAILABILITY = YES_AGGRESSIVE;
				CLANG_WARN_UNREACHABLE_CODE = YES;
				CLANG_WARN__DUPLICATE_METHOD_MATCH = YES;
				CODE_SIGN_IDENTITY = "iPhone Developer";
				COPY_PHASE_STRIP = NO;
				DEBUG_INFORMATION_FORMAT = dwarf;
				ENABLE_STRICT_OBJC_MSGSEND = YES;
				ENABLE_TESTABILITY = YES;
				GCC_C_LANGUAGE_STANDARD = gnu11;
				GCC_DYNAMIC_NO_PIC = NO;
				GCC_NO_COMMON_BLOCKS = YES;
				GCC_OPTIMIZATION_LEVEL = 0;
				GCC_PREPROCESSOR_DEFINITIONS = (
					"DEBUG=1",
					"$(inherited)",
				);
				GCC_WARN_64_TO_32_BIT_CONVERSION = YES;
				GCC_WARN_ABOUT_RETURN_TYPE = YES_ERROR;
				GCC_WARN_UNDECLARED_SELECTOR = YES;
				GCC_WARN_UNINITIALIZED_AUTOS = YES_AGGRESSIVE;
				GCC_WARN_UNUSED_FUNCTION = YES;
				GCC_WARN_UNUSED_VARIABLE = YES;
				IPHONEOS_DEPLOYMENT_TARGET = 11.4;
				MTL_ENABLE_DEBUG_INFO = YES;
				ONLY_ACTIVE_ARCH = YES;
				SDKROOT = iphoneos;
				SWIFT_ACTIVE_COMPILATION_CONDITIONS = DEBUG;
				SWIFT_OPTIMIZATION_LEVEL = "-Onone";
			};
			name = Debug;
		};
		38EBD01A211267330003F56F /* Release */ = {
			isa = XCBuildConfiguration;
			buildSettings = {
				ALWAYS_SEARCH_USER_PATHS = NO;
				CLANG_ANALYZER_NONNULL = YES;
				CLANG_ANALYZER_NUMBER_OBJECT_CONVERSION = YES_AGGRESSIVE;
				CLANG_CXX_LANGUAGE_STANDARD = "gnu++14";
				CLANG_CXX_LIBRARY = "libc++";
				CLANG_ENABLE_MODULES = YES;
				CLANG_ENABLE_OBJC_ARC = YES;
				CLANG_ENABLE_OBJC_WEAK = YES;
				CLANG_WARN_BLOCK_CAPTURE_AUTORELEASING = YES;
				CLANG_WARN_BOOL_CONVERSION = YES;
				CLANG_WARN_COMMA = YES;
				CLANG_WARN_CONSTANT_CONVERSION = YES;
				CLANG_WARN_DEPRECATED_OBJC_IMPLEMENTATIONS = YES;
				CLANG_WARN_DIRECT_OBJC_ISA_USAGE = YES_ERROR;
				CLANG_WARN_DOCUMENTATION_COMMENTS = YES;
				CLANG_WARN_EMPTY_BODY = YES;
				CLANG_WARN_ENUM_CONVERSION = YES;
				CLANG_WARN_INFINITE_RECURSION = YES;
				CLANG_WARN_INT_CONVERSION = YES;
				CLANG_WARN_NON_LITERAL_NULL_CONVERSION = YES;
				CLANG_WARN_OBJC_IMPLICIT_RETAIN_SELF = YES;
				CLANG_WARN_OBJC_LITERAL_CONVERSION = YES;
				CLANG_WARN_OBJC_ROOT_CLASS = YES_ERROR;
				CLANG_WARN_RANGE_LOOP_ANALYSIS = YES;
				CLANG_WARN_STRICT_PROTOTYPES = YES;
				CLANG_WARN_SUSPICIOUS_MOVE = YES;
				CLANG_WARN_UNGUARDED_AVAILABILITY = YES_AGGRESSIVE;
				CLANG_WARN_UNREACHABLE_CODE = YES;
				CLANG_WARN__DUPLICATE_METHOD_MATCH = YES;
				CODE_SIGN_IDENTITY = "iPhone Developer";
				COPY_PHASE_STRIP = NO;
				DEBUG_INFORMATION_FORMAT = "dwarf-with-dsym";
				ENABLE_NS_ASSERTIONS = NO;
				ENABLE_STRICT_OBJC_MSGSEND = YES;
				GCC_C_LANGUAGE_STANDARD = gnu11;
				GCC_NO_COMMON_BLOCKS = YES;
				GCC_WARN_64_TO_32_BIT_CONVERSION = YES;
				GCC_WARN_ABOUT_RETURN_TYPE = YES_ERROR;
				GCC_WARN_UNDECLARED_SELECTOR = YES;
				GCC_WARN_UNINITIALIZED_AUTOS = YES_AGGRESSIVE;
				GCC_WARN_UNUSED_FUNCTION = YES;
				GCC_WARN_UNUSED_VARIABLE = YES;
				IPHONEOS_DEPLOYMENT_TARGET = 11.4;
				MTL_ENABLE_DEBUG_INFO = NO;
				SDKROOT = iphoneos;
				SWIFT_COMPILATION_MODE = wholemodule;
				SWIFT_OPTIMIZATION_LEVEL = "-O";
				VALIDATE_PRODUCT = YES;
			};
			name = Release;
		};
		38EBD01C211267330003F56F /* Debug */ = {
			isa = XCBuildConfiguration;
			buildSettings = {
				ASSETCATALOG_COMPILER_APPICON_NAME = AppIcon;
				CODE_SIGN_STYLE = Automatic;
				DEVELOPMENT_TEAM = S2V96BB45E;
				INFOPLIST_FILE = AutoLayoutGuideExample7/Info.plist;
				LD_RUNPATH_SEARCH_PATHS = (
					"$(inherited)",
					"@executable_path/Frameworks",
				);
				PRODUCT_BUNDLE_IDENTIFIER = com.EricAndersen.AutoLayoutGuideExample7;
				PRODUCT_NAME = "$(TARGET_NAME)";
				SWIFT_VERSION = 4.0;
				TARGETED_DEVICE_FAMILY = "1,2";
			};
			name = Debug;
		};
		38EBD01D211267330003F56F /* Release */ = {
			isa = XCBuildConfiguration;
			buildSettings = {
				ASSETCATALOG_COMPILER_APPICON_NAME = AppIcon;
				CODE_SIGN_STYLE = Automatic;
				DEVELOPMENT_TEAM = S2V96BB45E;
				INFOPLIST_FILE = AutoLayoutGuideExample7/Info.plist;
				LD_RUNPATH_SEARCH_PATHS = (
					"$(inherited)",
					"@executable_path/Frameworks",
				);
				PRODUCT_BUNDLE_IDENTIFIER = com.EricAndersen.AutoLayoutGuideExample7;
				PRODUCT_NAME = "$(TARGET_NAME)";
				SWIFT_VERSION = 4.0;
				TARGETED_DEVICE_FAMILY = "1,2";
			};
			name = Release;
		};
		38EBD01F211267330003F56F /* Debug */ = {
			isa = XCBuildConfiguration;
			buildSettings = {
				ALWAYS_EMBED_SWIFT_STANDARD_LIBRARIES = YES;
				BUNDLE_LOADER = "$(TEST_HOST)";
				CODE_SIGN_STYLE = Automatic;
				DEVELOPMENT_TEAM = S2V96BB45E;
				INFOPLIST_FILE = AutoLayoutGuideExample7Tests/Info.plist;
				LD_RUNPATH_SEARCH_PATHS = (
					"$(inherited)",
					"@executable_path/Frameworks",
					"@loader_path/Frameworks",
				);
				PRODUCT_BUNDLE_IDENTIFIER = com.EricAndersen.AutoLayoutGuideExample7Tests;
				PRODUCT_NAME = "$(TARGET_NAME)";
				SWIFT_VERSION = 4.0;
				TARGETED_DEVICE_FAMILY = "1,2";
				TEST_HOST = "$(BUILT_PRODUCTS_DIR)/AutoLayoutGuideExample7.app/AutoLayoutGuideExample7";
			};
			name = Debug;
		};
		38EBD020211267330003F56F /* Release */ = {
			isa = XCBuildConfiguration;
			buildSettings = {
				ALWAYS_EMBED_SWIFT_STANDARD_LIBRARIES = YES;
				BUNDLE_LOADER = "$(TEST_HOST)";
				CODE_SIGN_STYLE = Automatic;
				DEVELOPMENT_TEAM = S2V96BB45E;
				INFOPLIST_FILE = AutoLayoutGuideExample7Tests/Info.plist;
				LD_RUNPATH_SEARCH_PATHS = (
					"$(inherited)",
					"@executable_path/Frameworks",
					"@loader_path/Frameworks",
				);
				PRODUCT_BUNDLE_IDENTIFIER = com.EricAndersen.AutoLayoutGuideExample7Tests;
				PRODUCT_NAME = "$(TARGET_NAME)";
				SWIFT_VERSION = 4.0;
				TARGETED_DEVICE_FAMILY = "1,2";
				TEST_HOST = "$(BUILT_PRODUCTS_DIR)/AutoLayoutGuideExample7.app/AutoLayoutGuideExample7";
			};
			name = Release;
		};
/* End XCBuildConfiguration section */

/* Begin XCConfigurationList section */
		38EBCFF9211267320003F56F /* Build configuration list for PBXProject "AutoLayoutGuideExample7" */ = {
			isa = XCConfigurationList;
			buildConfigurations = (
				38EBD019211267330003F56F /* Debug */,
				38EBD01A211267330003F56F /* Release */,
			);
			defaultConfigurationIsVisible = 0;
			defaultConfigurationName = Release;
		};
		38EBD01B211267330003F56F /* Build configuration list for PBXNativeTarget "AutoLayoutGuideExample7" */ = {
			isa = XCConfigurationList;
			buildConfigurations = (
				38EBD01C211267330003F56F /* Debug */,
				38EBD01D211267330003F56F /* Release */,
			);
			defaultConfigurationIsVisible = 0;
			defaultConfigurationName = Release;
		};
		38EBD01E211267330003F56F /* Build configuration list for PBXNativeTarget "AutoLayoutGuideExample7Tests" */ = {
			isa = XCConfigurationList;
			buildConfigurations = (
				38EBD01F211267330003F56F /* Debug */,
				38EBD020211267330003F56F /* Release */,
			);
			defaultConfigurationIsVisible = 0;
			defaultConfigurationName = Release;
		};
/* End XCConfigurationList section */
	};
	rootObject = 38EBCFF6211267320003F56F /* Project object */;
}
